
Microsoft Visual Studio Solution File, Format Version 12.00
# Visual Studio Version 17
VisualStudioVersion = 17.9.34728.123
MinimumVisualStudioVersion = 10.0.40219.1
Project("{FAE04EC0-301F-11D3-BF4B-00C04F79EFBC}") = "api_service_1", "api_service_1.csproj", "{9CC25739-5937-4600-9575-AB621DA52720}"
EndProject
Global
	GlobalSection(SolutionConfigurationPlatforms) = preSolution
		Debug|Any CPU = Debug|Any CPU
		Release|Any CPU = Release|Any CPU
	EndGlobalSection
	GlobalSection(ProjectConfigurationPlatforms) = postSolution
		{9CC25739-5937-4600-9575-AB621DA52720}.Debug|Any CPU.ActiveCfg = Debug|Any CPU
		{9CC25739-5937-4600-9575-AB621DA52720}.Debug|Any CPU.Build.0 = Debug|Any CPU
		{9CC25739-5937-4600-9575-AB621DA52720}.Release|Any CPU.ActiveCfg = Release|Any CPU
		{9CC25739-5937-4600-9575-AB621DA52720}.Release|Any CPU.Build.0 = Release|Any CPU
	EndGlobalSection
	GlobalSection(SolutionProperties) = preSolution
		HideSolutionNode = FALSE
	EndGlobalSection
	GlobalSection(ExtensibilityGlobals) = postSolution
		SolutionGuid = {C5DD249A-1E08-4BCC-B7DB-5B155C9E1202}
	EndGlobalSection
EndGlobal
