
Microsoft Visual Studio Solution File, Format Version 12.00
# Visual Studio Version 17
VisualStudioVersion = 17.9.34728.123
MinimumVisualStudioVersion = 10.0.40219.1
Project("{FAE04EC0-301F-11D3-BF4B-00C04F79EFBC}") = "FunctionApp1", "FunctionApp1.csproj", "{F6ABBA7A-8AB8-400A-82A8-B7FD825D2695}"
EndProject
Global
	GlobalSection(SolutionConfigurationPlatforms) = preSolution
		Debug|Any CPU = Debug|Any CPU
		Release|Any CPU = Release|Any CPU
	EndGlobalSection
	GlobalSection(ProjectConfigurationPlatforms) = postSolution
		{F6ABBA7A-8AB8-400A-82A8-B7FD825D2695}.Debug|Any CPU.ActiveCfg = Debug|Any CPU
		{F6ABBA7A-8AB8-400A-82A8-B7FD825D2695}.Debug|Any CPU.Build.0 = Debug|Any CPU
		{F6ABBA7A-8AB8-400A-82A8-B7FD825D2695}.Release|Any CPU.ActiveCfg = Release|Any CPU
		{F6ABBA7A-8AB8-400A-82A8-B7FD825D2695}.Release|Any CPU.Build.0 = Release|Any CPU
	EndGlobalSection
	GlobalSection(SolutionProperties) = preSolution
		HideSolutionNode = FALSE
	EndGlobalSection
	GlobalSection(ExtensibilityGlobals) = postSolution
		SolutionGuid = {4395CD78-4EB9-4612-9048-C6EC08A21D81}
	EndGlobalSection
EndGlobal
