
Microsoft Visual Studio Solution File, Format Version 12.00
# Visual Studio Version 17
VisualStudioVersion = 17.5.33530.505
MinimumVisualStudioVersion = 10.0.40219.1
Project("{FAE04EC0-301F-11D3-BF4B-00C04F79EFBC}") = "HandsOnAPIUsingQueue-Demo1", "HandsOnAPIUsingQueue-Demo1\HandsOnAPIUsingQueue-Demo1.csproj", "{B036F63B-B0D1-4B2D-ACE7-7C3748792B99}"
EndProject
Global
	GlobalSection(SolutionConfigurationPlatforms) = preSolution
		Debug|Any CPU = Debug|Any CPU
		Release|Any CPU = Release|Any CPU
	EndGlobalSection
	GlobalSection(ProjectConfigurationPlatforms) = postSolution
		{B036F63B-B0D1-4B2D-ACE7-7C3748792B99}.Debug|Any CPU.ActiveCfg = Debug|Any CPU
		{B036F63B-B0D1-4B2D-ACE7-7C3748792B99}.Debug|Any CPU.Build.0 = Debug|Any CPU
		{B036F63B-B0D1-4B2D-ACE7-7C3748792B99}.Release|Any CPU.ActiveCfg = Release|Any CPU
		{B036F63B-B0D1-4B2D-ACE7-7C3748792B99}.Release|Any CPU.Build.0 = Release|Any CPU
	EndGlobalSection
	GlobalSection(SolutionProperties) = preSolution
		HideSolutionNode = FALSE
	EndGlobalSection
	GlobalSection(ExtensibilityGlobals) = postSolution
		SolutionGuid = {42CD844C-FCF6-4070-87B2-4763E0293EEC}
	EndGlobalSection
EndGlobal
