
Microsoft Visual Studio Solution File, Format Version 12.00
# Visual Studio Version 17
VisualStudioVersion = 17.9.34723.18
MinimumVisualStudioVersion = 10.0.40219.1
Project("{FAE04EC0-301F-11D3-BF4B-00C04F79EFBC}") = "FunctionApp-Demo2", "FunctionApp-Demo2.csproj", "{EEB643B2-7ED1-4A58-9CA2-B6C24197AFE4}"
EndProject
Global
	GlobalSection(SolutionConfigurationPlatforms) = preSolution
		Debug|Any CPU = Debug|Any CPU
		Release|Any CPU = Release|Any CPU
	EndGlobalSection
	GlobalSection(ProjectConfigurationPlatforms) = postSolution
		{EEB643B2-7ED1-4A58-9CA2-B6C24197AFE4}.Debug|Any CPU.ActiveCfg = Debug|Any CPU
		{EEB643B2-7ED1-4A58-9CA2-B6C24197AFE4}.Debug|Any CPU.Build.0 = Debug|Any CPU
		{EEB643B2-7ED1-4A58-9CA2-B6C24197AFE4}.Release|Any CPU.ActiveCfg = Release|Any CPU
		{EEB643B2-7ED1-4A58-9CA2-B6C24197AFE4}.Release|Any CPU.Build.0 = Release|Any CPU
	EndGlobalSection
	GlobalSection(SolutionProperties) = preSolution
		HideSolutionNode = FALSE
	EndGlobalSection
	GlobalSection(ExtensibilityGlobals) = postSolution
		SolutionGuid = {5C78BEF7-FCAC-4C82-BFC8-FBE566B377F5}
	EndGlobalSection
EndGlobal
