
Microsoft Visual Studio Solution File, Format Version 12.00
# Visual Studio Version 17
VisualStudioVersion = 17.5.33530.505
MinimumVisualStudioVersion = 10.0.40219.1
Project("{FAE04EC0-301F-11D3-BF4B-00C04F79EFBC}") = "HandsOnAPITableStorage-Demo1", "HandsOnAPIUsingTableStorage-Demo1\HandsOnAPITableStorage-Demo1.csproj", "{F544D378-9161-4A65-ABBC-EAFFE6893E0D}"
EndProject
Global
	GlobalSection(SolutionConfigurationPlatforms) = preSolution
		Debug|Any CPU = Debug|Any CPU
		Release|Any CPU = Release|Any CPU
	EndGlobalSection
	GlobalSection(ProjectConfigurationPlatforms) = postSolution
		{F544D378-9161-4A65-ABBC-EAFFE6893E0D}.Debug|Any CPU.ActiveCfg = Debug|Any CPU
		{F544D378-9161-4A65-ABBC-EAFFE6893E0D}.Debug|Any CPU.Build.0 = Debug|Any CPU
		{F544D378-9161-4A65-ABBC-EAFFE6893E0D}.Release|Any CPU.ActiveCfg = Release|Any CPU
		{F544D378-9161-4A65-ABBC-EAFFE6893E0D}.Release|Any CPU.Build.0 = Release|Any CPU
	EndGlobalSection
	GlobalSection(SolutionProperties) = preSolution
		HideSolutionNode = FALSE
	EndGlobalSection
	GlobalSection(ExtensibilityGlobals) = postSolution
		SolutionGuid = {313726AF-C420-4DFE-84CC-05AA89707F88}
	EndGlobalSection
EndGlobal
