
Microsoft Visual Studio Solution File, Format Version 12.00
# Visual Studio Version 17
VisualStudioVersion = 17.6.33829.357
MinimumVisualStudioVersion = 10.0.40219.1
Project("{FAE04EC0-301F-11D3-BF4B-00C04F79EFBC}") = "HandsOnEFCodeFirst", "HandsOnEFCodeFirst\HandsOnEFCodeFirst.csproj", "{49ED9587-5EBB-49E3-AD0B-6CD70A008847}"
EndProject
Global
	GlobalSection(SolutionConfigurationPlatforms) = preSolution
		Debug|Any CPU = Debug|Any CPU
		Release|Any CPU = Release|Any CPU
	EndGlobalSection
	GlobalSection(ProjectConfigurationPlatforms) = postSolution
		{49ED9587-5EBB-49E3-AD0B-6CD70A008847}.Debug|Any CPU.ActiveCfg = Debug|Any CPU
		{49ED9587-5EBB-49E3-AD0B-6CD70A008847}.Debug|Any CPU.Build.0 = Debug|Any CPU
		{49ED9587-5EBB-49E3-AD0B-6CD70A008847}.Release|Any CPU.ActiveCfg = Release|Any CPU
		{49ED9587-5EBB-49E3-AD0B-6CD70A008847}.Release|Any CPU.Build.0 = Release|Any CPU
	EndGlobalSection
	GlobalSection(SolutionProperties) = preSolution
		HideSolutionNode = FALSE
	EndGlobalSection
	GlobalSection(ExtensibilityGlobals) = postSolution
		SolutionGuid = {60B406CD-D887-4E4C-B42F-35C988AF7838}
	EndGlobalSection
EndGlobal
