
Microsoft Visual Studio Solution File, Format Version 12.00
# Visual Studio Version 17
VisualStudioVersion = 17.5.33530.505
MinimumVisualStudioVersion = 10.0.40219.1
Project("{9A19103F-16F7-4668-BE54-9A1E7A4F7556}") = "AzureTableStorageDemo-2", "AzureTableStorageDemo-2\AzureTableStorageDemo-2.csproj", "{B6453EF3-EE7D-4EFB-8886-7E5D1DFB22D7}"
EndProject
Global
	GlobalSection(SolutionConfigurationPlatforms) = preSolution
		Debug|Any CPU = Debug|Any CPU
		Release|Any CPU = Release|Any CPU
	EndGlobalSection
	GlobalSection(ProjectConfigurationPlatforms) = postSolution
		{B6453EF3-EE7D-4EFB-8886-7E5D1DFB22D7}.Debug|Any CPU.ActiveCfg = Debug|Any CPU
		{B6453EF3-EE7D-4EFB-8886-7E5D1DFB22D7}.Debug|Any CPU.Build.0 = Debug|Any CPU
		{B6453EF3-EE7D-4EFB-8886-7E5D1DFB22D7}.Release|Any CPU.ActiveCfg = Release|Any CPU
		{B6453EF3-EE7D-4EFB-8886-7E5D1DFB22D7}.Release|Any CPU.Build.0 = Release|Any CPU
	EndGlobalSection
	GlobalSection(SolutionProperties) = preSolution
		HideSolutionNode = FALSE
	EndGlobalSection
	GlobalSection(ExtensibilityGlobals) = postSolution
		SolutionGuid = {F93AA1FC-E388-4A44-A5E9-FC97965BF895}
	EndGlobalSection
EndGlobal
